    "packages/plugin-trust": {
      "name": "@elizaos/plugin-trust",
      "version": "1.0.0",
      "dependencies": {
        "@elizaos/core": "workspace:*",
      },
      "devDependencies": {
        "prettier": "3.5.3",
        "tsup": "8.5.0",
        "typescript": "5.8.2",
      },
    },
    "@elizaos/plugin-trust": ["@elizaos/plugin-trust@workspace:packages/plugin-trust"],

